
Microsoft Visual Studio Solution File, Format Version 12.00
# Visual Studio Version 16
VisualStudioVersion = 16.0.29519.181
MinimumVisualStudioVersion = 10.0.40219.1
Project("{2150E333-8FDC-42A3-9474-1A3956D46DE8}") = "UI", "UI", "{E1E0ABBF-9A84-4540-B3EB-C4F5D6098524}"
EndProject
Project("{2150E333-8FDC-42A3-9474-1A3956D46DE8}") = "Common", "Common", "{0493471B-8974-4BF8-8A13-4E72224C2633}"
EndProject
Project("{2150E333-8FDC-42A3-9474-1A3956D46DE8}") = "Services", "Services", "{7288E5E3-9450-47F1-8630-277F6C889F19}"
EndProject
Project("{9A19103F-16F7-4668-BE54-9A1E7A4F7556}") = "WebStore.DomainNew", "Common\WebStore.DomainNew\WebStore.DomainNew.csproj", "{5337DF08-ABA8-4EFE-87EB-781D38AE3F66}"
EndProject
Project("{9A19103F-16F7-4668-BE54-9A1E7A4F7556}") = "WebStore.DAL", "Services\WebStore.DAL\WebStore.DAL.csproj", "{FD8B64AB-62C3-4459-B0A6-7E01735F0A51}"
EndProject
Project("{9A19103F-16F7-4668-BE54-9A1E7A4F7556}") = "WebStore.Interfaces", "Services\WebStore.Interfaces\WebStore.Interfaces.csproj", "{704D68CD-034D-4B17-87AE-BD628DC41671}"
EndProject
Project("{9A19103F-16F7-4668-BE54-9A1E7A4F7556}") = "WebStore.Services", "Services\WebStore.Services\WebStore.Services.csproj", "{58897004-62DF-4958-BF49-A86CF765AEDD}"
EndProject
Project("{9A19103F-16F7-4668-BE54-9A1E7A4F7556}") = "WebStore.ServiceHosting", "Services\WebStore.ServiceHosting\WebStore.ServiceHosting.csproj", "{D9CF91C4-4AEA-4730-A981-47D483F8F63D}"
EndProject
Project("{9A19103F-16F7-4668-BE54-9A1E7A4F7556}") = "WebStore.Clients", "Services\WebStore.Clients\WebStore.Clients.csproj", "{19EB431C-AE72-47A0-B0DE-FCCA7D479E8C}"
EndProject
Project("{9A19103F-16F7-4668-BE54-9A1E7A4F7556}") = "WebStore", "UI\WebStore\WebStore.csproj", "{CF3D12CB-A934-48C9-BF29-E7F3DD46E911}"
EndProject
Project("{FAE04EC0-301F-11D3-BF4B-00C04F79EFBC}") = "WebStore.Logger", "Common\WebStore.Logger\WebStore.Logger.csproj", "{7BEF5765-759F-4084-A4EF-08470C432C73}"
EndProject
Global
	GlobalSection(SolutionConfigurationPlatforms) = preSolution
		Debug|Any CPU = Debug|Any CPU
		Release|Any CPU = Release|Any CPU
	EndGlobalSection
	GlobalSection(ProjectConfigurationPlatforms) = postSolution
		{5337DF08-ABA8-4EFE-87EB-781D38AE3F66}.Debug|Any CPU.ActiveCfg = Debug|Any CPU
		{5337DF08-ABA8-4EFE-87EB-781D38AE3F66}.Debug|Any CPU.Build.0 = Debug|Any CPU
		{5337DF08-ABA8-4EFE-87EB-781D38AE3F66}.Release|Any CPU.ActiveCfg = Release|Any CPU
		{5337DF08-ABA8-4EFE-87EB-781D38AE3F66}.Release|Any CPU.Build.0 = Release|Any CPU
		{FD8B64AB-62C3-4459-B0A6-7E01735F0A51}.Debug|Any CPU.ActiveCfg = Debug|Any CPU
		{FD8B64AB-62C3-4459-B0A6-7E01735F0A51}.Debug|Any CPU.Build.0 = Debug|Any CPU
		{FD8B64AB-62C3-4459-B0A6-7E01735F0A51}.Release|Any CPU.ActiveCfg = Release|Any CPU
		{FD8B64AB-62C3-4459-B0A6-7E01735F0A51}.Release|Any CPU.Build.0 = Release|Any CPU
		{704D68CD-034D-4B17-87AE-BD628DC41671}.Debug|Any CPU.ActiveCfg = Debug|Any CPU
		{704D68CD-034D-4B17-87AE-BD628DC41671}.Debug|Any CPU.Build.0 = Debug|Any CPU
		{704D68CD-034D-4B17-87AE-BD628DC41671}.Release|Any CPU.ActiveCfg = Release|Any CPU
		{704D68CD-034D-4B17-87AE-BD628DC41671}.Release|Any CPU.Build.0 = Release|Any CPU
		{58897004-62DF-4958-BF49-A86CF765AEDD}.Debug|Any CPU.ActiveCfg = Debug|Any CPU
		{58897004-62DF-4958-BF49-A86CF765AEDD}.Debug|Any CPU.Build.0 = Debug|Any CPU
		{58897004-62DF-4958-BF49-A86CF765AEDD}.Release|Any CPU.ActiveCfg = Release|Any CPU
		{58897004-62DF-4958-BF49-A86CF765AEDD}.Release|Any CPU.Build.0 = Release|Any CPU
		{D9CF91C4-4AEA-4730-A981-47D483F8F63D}.Debug|Any CPU.ActiveCfg = Debug|Any CPU
		{D9CF91C4-4AEA-4730-A981-47D483F8F63D}.Debug|Any CPU.Build.0 = Debug|Any CPU
		{D9CF91C4-4AEA-4730-A981-47D483F8F63D}.Release|Any CPU.ActiveCfg = Release|Any CPU
		{D9CF91C4-4AEA-4730-A981-47D483F8F63D}.Release|Any CPU.Build.0 = Release|Any CPU
		{19EB431C-AE72-47A0-B0DE-FCCA7D479E8C}.Debug|Any CPU.ActiveCfg = Debug|Any CPU
		{19EB431C-AE72-47A0-B0DE-FCCA7D479E8C}.Debug|Any CPU.Build.0 = Debug|Any CPU
		{19EB431C-AE72-47A0-B0DE-FCCA7D479E8C}.Release|Any CPU.ActiveCfg = Release|Any CPU
		{19EB431C-AE72-47A0-B0DE-FCCA7D479E8C}.Release|Any CPU.Build.0 = Release|Any CPU
		{CF3D12CB-A934-48C9-BF29-E7F3DD46E911}.Debug|Any CPU.ActiveCfg = Debug|Any CPU
		{CF3D12CB-A934-48C9-BF29-E7F3DD46E911}.Debug|Any CPU.Build.0 = Debug|Any CPU
		{CF3D12CB-A934-48C9-BF29-E7F3DD46E911}.Release|Any CPU.ActiveCfg = Release|Any CPU
		{CF3D12CB-A934-48C9-BF29-E7F3DD46E911}.Release|Any CPU.Build.0 = Release|Any CPU
		{7BEF5765-759F-4084-A4EF-08470C432C73}.Debug|Any CPU.ActiveCfg = Debug|Any CPU
		{7BEF5765-759F-4084-A4EF-08470C432C73}.Debug|Any CPU.Build.0 = Debug|Any CPU
		{7BEF5765-759F-4084-A4EF-08470C432C73}.Release|Any CPU.ActiveCfg = Release|Any CPU
		{7BEF5765-759F-4084-A4EF-08470C432C73}.Release|Any CPU.Build.0 = Release|Any CPU
	EndGlobalSection
	GlobalSection(SolutionProperties) = preSolution
		HideSolutionNode = FALSE
	EndGlobalSection
	GlobalSection(NestedProjects) = preSolution
		{5337DF08-ABA8-4EFE-87EB-781D38AE3F66} = {0493471B-8974-4BF8-8A13-4E72224C2633}
		{FD8B64AB-62C3-4459-B0A6-7E01735F0A51} = {7288E5E3-9450-47F1-8630-277F6C889F19}
		{704D68CD-034D-4B17-87AE-BD628DC41671} = {7288E5E3-9450-47F1-8630-277F6C889F19}
		{58897004-62DF-4958-BF49-A86CF765AEDD} = {7288E5E3-9450-47F1-8630-277F6C889F19}
		{D9CF91C4-4AEA-4730-A981-47D483F8F63D} = {7288E5E3-9450-47F1-8630-277F6C889F19}
		{19EB431C-AE72-47A0-B0DE-FCCA7D479E8C} = {7288E5E3-9450-47F1-8630-277F6C889F19}
		{CF3D12CB-A934-48C9-BF29-E7F3DD46E911} = {E1E0ABBF-9A84-4540-B3EB-C4F5D6098524}
		{7BEF5765-759F-4084-A4EF-08470C432C73} = {0493471B-8974-4BF8-8A13-4E72224C2633}
	EndGlobalSection
	GlobalSection(ExtensibilityGlobals) = postSolution
		SolutionGuid = {1BBC9ADC-6B84-4EE7-9569-13A0EAE994BF}
	EndGlobalSection
EndGlobal
